// !$*UTF8*$!
{
	archiveVersion = 1;
	classes = {
	};
	objectVersion = 56;
	objects = {

/* Begin PBXBuildFile section */
		A69F67352BCE906500DCA3A3 /* Coordinate.swift in Sources */ = {isa = PBXBuildFile; fileRef = A69F67342BCE906500DCA3A3 /* Coordinate.swift */; };
		A6D14B842BB6CF38005D91C9 /* main.swift in Sources */ = {isa = PBXBuildFile; fileRef = A6D14B832BB6CF38005D91C9 /* main.swift */; };
		A6E036402BE8C26D0021EDD7 /* PriorityQueue.swift in Sources */ = {isa = PBXBuildFile; fileRef = A6E0363F2BE8C26D0021EDD7 /* PriorityQueue.swift */; };
		A6E036442BE8C3530021EDD7 /* Heap.swift in Sources */ = {isa = PBXBuildFile; fileRef = A6E036432BE8C3530021EDD7 /* Heap.swift */; };
/* End PBXBuildFile section */

/* Begin PBXCopyFilesBuildPhase section */
		A6D14B7E2BB6CF38005D91C9 /* CopyFiles */ = {
			isa = PBXCopyFilesBuildPhase;
			buildActionMask = 2147483647;
			dstPath = /usr/share/man/man1/;
			dstSubfolderSpec = 0;
			files = (
			);
			runOnlyForDeploymentPostprocessing = 1;
		};
/* End PBXCopyFilesBuildPhase section */

/* Begin PBXFileReference section */
		A60137712BBEBEE10073A531 /* 2606_바이러스.swift */ = {isa = PBXFileReference; lastKnownFileType = sourcecode.swift; path = "2606_바이러스.swift"; sourceTree = "<group>"; };
		A61709AB2BD550E400999B92 /* 2178_미로탐색.swift */ = {isa = PBXFileReference; lastKnownFileType = sourcecode.swift; path = "2178_미로탐색.swift"; sourceTree = "<group>"; };
		A61828B72BDFBD1E0001E7D7 /* 11000_강의실배정.swift */ = {isa = PBXFileReference; lastKnownFileType = sourcecode.swift; path = "11000_강의실배정.swift"; sourceTree = "<group>"; };
		A61828B82BDFC9D00001E7D7 /* 1715_카드정렬하기.swift */ = {isa = PBXFileReference; lastKnownFileType = sourcecode.swift; path = "1715_카드정렬하기.swift"; sourceTree = "<group>"; };
		A61828B92BDFD3E20001E7D7 /* 1339_단어수학.swift */ = {isa = PBXFileReference; lastKnownFileType = sourcecode.swift; path = "1339_단어수학.swift"; sourceTree = "<group>"; };
		A61DAFEA2BF23CDC00D7ED93 /* 10448_유레카이론.swift */ = {isa = PBXFileReference; lastKnownFileType = sourcecode.swift; path = "10448_유레카이론.swift"; sourceTree = "<group>"; };
		A61DAFEB2BF2511100D7ED93 /* 1526_가장큰금민수.swift */ = {isa = PBXFileReference; lastKnownFileType = sourcecode.swift; path = "1526_가장큰금민수.swift"; sourceTree = "<group>"; };
		A61DAFEC2BF3AB4900D7ED93 /* 1145_적어도대부분의배수.swift */ = {isa = PBXFileReference; lastKnownFileType = sourcecode.swift; path = "1145_적어도대부분의배수.swift"; sourceTree = "<group>"; };
		A61DE0C62BCD11C90073C131 /* 1926_그림.swift */ = {isa = PBXFileReference; lastKnownFileType = sourcecode.swift; path = "1926_그림.swift"; sourceTree = "<group>"; };
		A61DE0C72BCD41C30073C131 /* 2210_숫자판점프.swift */ = {isa = PBXFileReference; lastKnownFileType = sourcecode.swift; path = "2210_숫자판점프.swift"; sourceTree = "<group>"; };
		A62796722BEE54B600F835DD /* 2789_블랙잭.swift */ = {isa = PBXFileReference; lastKnownFileType = sourcecode.swift; path = "2789_블랙잭.swift"; sourceTree = "<group>"; };
		A62796732BEE5C3400F835DD /* 19532_수학은비대면강의입니다.swift */ = {isa = PBXFileReference; lastKnownFileType = sourcecode.swift; path = "19532_수학은비대면강의입니다.swift"; sourceTree = "<group>"; };
		A63F8E812BD9225C00AFC287 /* 1931_회의실배정.swift */ = {isa = PBXFileReference; lastKnownFileType = sourcecode.swift; path = "1931_회의실배정.swift"; sourceTree = "<group>"; };
		A6498DF82BEA448800321057 /* 2309_일곱난쟁이.swift */ = {isa = PBXFileReference; lastKnownFileType = sourcecode.swift; path = "2309_일곱난쟁이.swift"; sourceTree = "<group>"; };
		A64F03602BD90606003F36A9 /* 11399_ATM.swift */ = {isa = PBXFileReference; lastKnownFileType = sourcecode.swift; path = 11399_ATM.swift; sourceTree = "<group>"; };
		A64F03612BD91360003F36A9 /* 11047_동전0.swift */ = {isa = PBXFileReference; lastKnownFileType = sourcecode.swift; path = "11047_동전0.swift"; sourceTree = "<group>"; };
		A6534AE02BF63F1E00F4C7C3 /* 7568_덩치.swift */ = {isa = PBXFileReference; lastKnownFileType = sourcecode.swift; path = "7568_덩치.swift"; sourceTree = "<group>"; };
		A6534AE12BF9F01E00F4C7C3 /* 1476_날짜계산.swift */ = {isa = PBXFileReference; lastKnownFileType = sourcecode.swift; path = "1476_날짜계산.swift"; sourceTree = "<group>"; };
		A6534AE22BFB8F5000F4C7C3 /* 5555_반지.swift */ = {isa = PBXFileReference; lastKnownFileType = sourcecode.swift; path = "5555_반지.swift"; sourceTree = "<group>"; };
		A65365982BBFC5A400392BA7 /* 1012_유기농배추.swift */ = {isa = PBXFileReference; lastKnownFileType = sourcecode.swift; path = "1012_유기농배추.swift"; sourceTree = "<group>"; };
		A6547EEE2BBD2EB900CBE55B /* 14888.swift */ = {isa = PBXFileReference; lastKnownFileType = sourcecode.swift; path = 14888.swift; sourceTree = "<group>"; };
		A6547EF02BBD434100CBE55B /* 1260_DFS와BFS.swift */ = {isa = PBXFileReference; lastKnownFileType = sourcecode.swift; path = "1260_DFS와BFS.swift"; sourceTree = "<group>"; };
		A66517482BEA612B005ACFEC /* 1436_영화감독숌.swift */ = {isa = PBXFileReference; lastKnownFileType = sourcecode.swift; path = "1436_영화감독숌.swift"; sourceTree = "<group>"; };
		A66E3ED72BD27D8C0010F9B1 /* 7562_나이트의이동.swift */ = {isa = PBXFileReference; lastKnownFileType = sourcecode.swift; path = "7562_나이트의이동.swift"; sourceTree = "<group>"; };
		A67E44D92BD1469A0082CB4B /* 1697_숨바꼭질.swift */ = {isa = PBXFileReference; lastKnownFileType = sourcecode.swift; path = "1697_숨바꼭질.swift"; sourceTree = "<group>"; };
		A68DD4BC2BE10E1100CE19D6 /* 1744_수묶기.swift */ = {isa = PBXFileReference; lastKnownFileType = sourcecode.swift; path = "1744_수묶기.swift"; sourceTree = "<group>"; };
		A69564902BC8014B00E669EC /* 11725_트리의부모찾기.swift */ = {isa = PBXFileReference; lastKnownFileType = sourcecode.swift; path = "11725_트리의부모찾기.swift"; sourceTree = "<group>"; };
		A69F672F2BCE79D200DCA3A3 /* 1303_전쟁전투.swift */ = {isa = PBXFileReference; lastKnownFileType = sourcecode.swift; path = "1303_전쟁전투.swift"; sourceTree = "<group>"; };
		A69F67312BCE8FE700DCA3A3 /* 1012_유기농배추.swift */ = {isa = PBXFileReference; lastKnownFileType = sourcecode.swift; path = "1012_유기농배추.swift"; sourceTree = "<group>"; };
		A69F67322BCE900E00DCA3A3 /* 2644_촌수계산.swift */ = {isa = PBXFileReference; lastKnownFileType = sourcecode.swift; path = "2644_촌수계산.swift"; sourceTree = "<group>"; };
		A69F67342BCE906500DCA3A3 /* Coordinate.swift */ = {isa = PBXFileReference; lastKnownFileType = sourcecode.swift; path = Coordinate.swift; sourceTree = "<group>"; };
		A6A83CB72BE3B18D0086EAA5 /* 1202_보석도둑.swift */ = {isa = PBXFileReference; lastKnownFileType = sourcecode.swift; path = "1202_보석도둑.swift"; sourceTree = "<group>"; };
		A6B19EDE2BCFFA5A0090A59F /* 2468_안전영역.swift */ = {isa = PBXFileReference; lastKnownFileType = sourcecode.swift; path = "2468_안전영역.swift"; sourceTree = "<group>"; };
		A6C2187B2BD7C3860015C6B3 /* 2720_세탁소사장동혁.swift */ = {isa = PBXFileReference; lastKnownFileType = sourcecode.swift; path = "2720_세탁소사장동혁.swift"; sourceTree = "<group>"; };
		A6C2187C2BD7CBD60015C6B3 /* 2810_컵홀더.swift */ = {isa = PBXFileReference; lastKnownFileType = sourcecode.swift; path = "2810_컵홀더.swift"; sourceTree = "<group>"; };
		A6C2187D2BD7D3F10015C6B3 /* 2839_설탕배달.swift */ = {isa = PBXFileReference; lastKnownFileType = sourcecode.swift; path = "2839_설탕배달.swift"; sourceTree = "<group>"; };
		A6D14B802BB6CF38005D91C9 /* Baekjoon_Roadmap */ = {isa = PBXFileReference; explicitFileType = "compiled.mach-o.executable"; includeInIndex = 0; path = Baekjoon_Roadmap; sourceTree = BUILT_PRODUCTS_DIR; };
		A6D14B832BB6CF38005D91C9 /* main.swift */ = {isa = PBXFileReference; lastKnownFileType = sourcecode.swift; path = main.swift; sourceTree = "<group>"; };
		A6D14B8B2BB6CF60005D91C9 /* 2051_약수구하기.swift */ = {isa = PBXFileReference; lastKnownFileType = sourcecode.swift; path = "2051_약수구하기.swift"; sourceTree = "<group>"; };
		A6D14B8D2BB6CF66005D91C9 /* 3460_이진수.swift */ = {isa = PBXFileReference; lastKnownFileType = sourcecode.swift; path = "3460_이진수.swift"; sourceTree = "<group>"; };
		A6D14B8F2BB6CF71005D91C9 /* 10818_최소최대.swift */ = {isa = PBXFileReference; lastKnownFileType = sourcecode.swift; path = "10818_최소최대.swift"; sourceTree = "<group>"; };
		A6D14B912BB6CF79005D91C9 /* 2460_지능형기차2.swift */ = {isa = PBXFileReference; lastKnownFileType = sourcecode.swift; path = "2460_지능형기차2.swift"; sourceTree = "<group>"; };
		A6D14B932BB6CF85005D91C9 /* 10870_피보나치수5.swift */ = {isa = PBXFileReference; lastKnownFileType = sourcecode.swift; path = "10870_피보나치수5.swift"; sourceTree = "<group>"; };
		A6D14B952BB6CF8E005D91C9 /* 2309_일곱난쟁이.swift */ = {isa = PBXFileReference; lastKnownFileType = sourcecode.swift; path = "2309_일곱난쟁이.swift"; sourceTree = "<group>"; };
		A6D14B972BB6CF98005D91C9 /* 2609_최대공약수와최소공배수.swift */ = {isa = PBXFileReference; lastKnownFileType = sourcecode.swift; path = "2609_최대공약수와최소공배수.swift"; sourceTree = "<group>"; };
		A6D14B992BB6CFA4005D91C9 /* 2693_N번째큰수.swift */ = {isa = PBXFileReference; lastKnownFileType = sourcecode.swift; path = "2693_N번째큰수.swift"; sourceTree = "<group>"; };
		A6D14B9B2BB6CFAB005D91C9 /* 1978_소수찾기.swift */ = {isa = PBXFileReference; lastKnownFileType = sourcecode.swift; path = "1978_소수찾기.swift"; sourceTree = "<group>"; };
		A6D14B9F2BB6CFCA005D91C9 /* 2581_소수.swift */ = {isa = PBXFileReference; lastKnownFileType = sourcecode.swift; path = "2581_소수.swift"; sourceTree = "<group>"; };
		A6D14BA12BB6D03E005D91C9 /* 1292_쉽게푸는문제.swift */ = {isa = PBXFileReference; lastKnownFileType = sourcecode.swift; path = "1292_쉽게푸는문제.swift"; sourceTree = "<group>"; };
		A6DF1E5A2BCAB62C00F86D5F /* 2644_촌수계산.swift */ = {isa = PBXFileReference; lastKnownFileType = sourcecode.swift; path = "2644_촌수계산.swift"; sourceTree = "<group>"; };
		A6E0363F2BE8C26D0021EDD7 /* PriorityQueue.swift */ = {isa = PBXFileReference; lastKnownFileType = sourcecode.swift; path = PriorityQueue.swift; sourceTree = "<group>"; };
		A6E036432BE8C3530021EDD7 /* Heap.swift */ = {isa = PBXFileReference; lastKnownFileType = sourcecode.swift; path = Heap.swift; sourceTree = "<group>"; };
		A6E5698C2BD671DD0000760E /* 5014_스타트링크.swift */ = {isa = PBXFileReference; lastKnownFileType = sourcecode.swift; path = "5014_스타트링크.swift"; sourceTree = "<group>"; };
		A6E5698E2BD677F80000760E /* 14470_전자레인지.swift */ = {isa = PBXFileReference; lastKnownFileType = sourcecode.swift; path = "14470_전자레인지.swift"; sourceTree = "<group>"; };
		A6E5698F2BD679ED0000760E /* 5585_거스름돈.swift */ = {isa = PBXFileReference; lastKnownFileType = sourcecode.swift; path = "5585_거스름돈.swift"; sourceTree = "<group>"; };
		A6E569902BD684930000760E /* 4796_캠핑.swift */ = {isa = PBXFileReference; lastKnownFileType = sourcecode.swift; path = "4796_캠핑.swift"; sourceTree = "<group>"; };
		A6E691262BED0C060065A09A /* 2231_분해합.swift */ = {isa = PBXFileReference; lastKnownFileType = sourcecode.swift; path = "2231_분해합.swift"; sourceTree = "<group>"; };
		A6E8DECD2BCD074500B48F4C /* 2583_영역구하기.swift */ = {isa = PBXFileReference; lastKnownFileType = sourcecode.swift; path = "2583_영역구하기.swift"; sourceTree = "<group>"; };
		A6EDE56D2BD91CA30068560C /* 1541_잃어버린괄호.swift */ = {isa = PBXFileReference; lastKnownFileType = sourcecode.swift; path = "1541_잃어버린괄호.swift"; sourceTree = "<group>"; };
		A6EFAB362BC3F94100DBABA1 /* 11724_연결요소의개수.swift */ = {isa = PBXFileReference; lastKnownFileType = sourcecode.swift; path = "11724_연결요소의개수.swift"; sourceTree = "<group>"; };
		A6EFAB382BC408C400DBABA1 /* 4963_섬의개수.swift */ = {isa = PBXFileReference; lastKnownFileType = sourcecode.swift; path = "4963_섬의개수.swift"; sourceTree = "<group>"; };
		A6F49C422BC7BB7E00829C7F /* 2468_안전영역.swift */ = {isa = PBXFileReference; lastKnownFileType = sourcecode.swift; path = "2468_안전영역.swift"; sourceTree = "<group>"; };
		A6F4B9DE2BCBD6EE009C91C4 /* 1325_효율적인해킹.swift */ = {isa = PBXFileReference; lastKnownFileType = sourcecode.swift; path = "1325_효율적인해킹.swift"; sourceTree = "<group>"; };
		A6F60C1C2BEBB7E4001A07BB /* 1018_체스판다시칠하기.swift */ = {isa = PBXFileReference; lastKnownFileType = sourcecode.swift; path = "1018_체스판다시칠하기.swift"; sourceTree = "<group>"; };
		A6FF53B52BCD6ECC00B2F8D9 /* 1743_음식물피하기.swift */ = {isa = PBXFileReference; lastKnownFileType = sourcecode.swift; path = "1743_음식물피하기.swift"; sourceTree = "<group>"; };
		A6FFDA192BBFDFFC0022A3E4 /* 2667_단지번호붙이기.swift */ = {isa = PBXFileReference; lastKnownFileType = sourcecode.swift; path = "2667_단지번호붙이기.swift"; sourceTree = "<group>"; };
/* End PBXFileReference section */

/* Begin PBXFrameworksBuildPhase section */
		A6D14B7D2BB6CF38005D91C9 /* Frameworks */ = {
			isa = PBXFrameworksBuildPhase;
			buildActionMask = 2147483647;
			files = (
			);
			runOnlyForDeploymentPostprocessing = 0;
		};
/* End PBXFrameworksBuildPhase section */

/* Begin PBXGroup section */
		A6498DF72BEA40DD00321057 /* BruteForce */ = {
			isa = PBXGroup;
			children = (
				A6498DF82BEA448800321057 /* 2309_일곱난쟁이.swift */,
				A66517482BEA612B005ACFEC /* 1436_영화감독숌.swift */,
				A6F60C1C2BEBB7E4001A07BB /* 1018_체스판다시칠하기.swift */,
				A6E691262BED0C060065A09A /* 2231_분해합.swift */,
				A62796722BEE54B600F835DD /* 2789_블랙잭.swift */,
				A62796732BEE5C3400F835DD /* 19532_수학은비대면강의입니다.swift */,
				A61DAFEA2BF23CDC00D7ED93 /* 10448_유레카이론.swift */,
				A61DAFEB2BF2511100D7ED93 /* 1526_가장큰금민수.swift */,
				A61DAFEC2BF3AB4900D7ED93 /* 1145_적어도대부분의배수.swift */,
				A6534AE02BF63F1E00F4C7C3 /* 7568_덩치.swift */,
				A6534AE12BF9F01E00F4C7C3 /* 1476_날짜계산.swift */,
				A6534AE22BFB8F5000F4C7C3 /* 5555_반지.swift */,
			);
			path = BruteForce;
			sourceTree = "<group>";
		};
		A6547EEC2BBD25A400CBE55B /* DFS */ = {
			isa = PBXGroup;
			children = (
				A6547EF02BBD434100CBE55B /* 1260_DFS와BFS.swift */,
				A60137712BBEBEE10073A531 /* 2606_바이러스.swift */,
				A65365982BBFC5A400392BA7 /* 1012_유기농배추.swift */,
				A6FFDA192BBFDFFC0022A3E4 /* 2667_단지번호붙이기.swift */,
				A6EFAB362BC3F94100DBABA1 /* 11724_연결요소의개수.swift */,
				A6EFAB382BC408C400DBABA1 /* 4963_섬의개수.swift */,
				A6F49C422BC7BB7E00829C7F /* 2468_안전영역.swift */,
				A69564902BC8014B00E669EC /* 11725_트리의부모찾기.swift */,
				A6DF1E5A2BCAB62C00F86D5F /* 2644_촌수계산.swift */,
				A6E8DECD2BCD074500B48F4C /* 2583_영역구하기.swift */,
				A6F4B9DE2BCBD6EE009C91C4 /* 1325_효율적인해킹.swift */,
				A61DE0C62BCD11C90073C131 /* 1926_그림.swift */,
				A61DE0C72BCD41C30073C131 /* 2210_숫자판점프.swift */,
				A6FF53B52BCD6ECC00B2F8D9 /* 1743_음식물피하기.swift */,
				A69F672F2BCE79D200DCA3A3 /* 1303_전쟁전투.swift */,
			);
			path = DFS;
			sourceTree = "<group>";
		};
		A6547EED2BBD2EA700CBE55B /* part2 */ = {
			isa = PBXGroup;
			children = (
				A6547EEE2BBD2EB900CBE55B /* 14888.swift */,
			);
			path = part2;
			sourceTree = "<group>";
		};
		A69F67302BCE8FD900DCA3A3 /* BFS */ = {
			isa = PBXGroup;
			children = (
				A69F67312BCE8FE700DCA3A3 /* 1012_유기농배추.swift */,
				A69F67322BCE900E00DCA3A3 /* 2644_촌수계산.swift */,
				A6B19EDE2BCFFA5A0090A59F /* 2468_안전영역.swift */,
				A67E44D92BD1469A0082CB4B /* 1697_숨바꼭질.swift */,
				A66E3ED72BD27D8C0010F9B1 /* 7562_나이트의이동.swift */,
				A61709AB2BD550E400999B92 /* 2178_미로탐색.swift */,
				A6E5698C2BD671DD0000760E /* 5014_스타트링크.swift */,
			);
			path = BFS;
			sourceTree = "<group>";
		};
		A69F67332BCE904F00DCA3A3 /* Foundation */ = {
			isa = PBXGroup;
			children = (
				A69F67342BCE906500DCA3A3 /* Coordinate.swift */,
				A6E0363F2BE8C26D0021EDD7 /* PriorityQueue.swift */,
				A6E036432BE8C3530021EDD7 /* Heap.swift */,
			);
			path = Foundation;
			sourceTree = "<group>";
		};
		A6D14B772BB6CF38005D91C9 = {
			isa = PBXGroup;
			children = (
				A6D14B822BB6CF38005D91C9 /* Baekjoon_Roadmap */,
				A6D14B812BB6CF38005D91C9 /* Products */,
			);
			sourceTree = "<group>";
		};
		A6D14B812BB6CF38005D91C9 /* Products */ = {
			isa = PBXGroup;
			children = (
				A6D14B802BB6CF38005D91C9 /* Baekjoon_Roadmap */,
			);
			name = Products;
			sourceTree = "<group>";
		};
		A6D14B822BB6CF38005D91C9 /* Baekjoon_Roadmap */ = {
			isa = PBXGroup;
			children = (
				A6D14B832BB6CF38005D91C9 /* main.swift */,
				A69F67332BCE904F00DCA3A3 /* Foundation */,
				A6498DF72BEA40DD00321057 /* BruteForce */,
				A6E5698D2BD677D10000760E /* Greedy */,
				A6547EEC2BBD25A400CBE55B /* DFS */,
				A69F67302BCE8FD900DCA3A3 /* BFS */,
				A6D14B8A2BB6CF53005D91C9 /* part1 */,
				A6547EED2BBD2EA700CBE55B /* part2 */,
			);
			path = Baekjoon_Roadmap;
			sourceTree = "<group>";
		};
		A6D14B8A2BB6CF53005D91C9 /* part1 */ = {
			isa = PBXGroup;
			children = (
				A6D14B8B2BB6CF60005D91C9 /* 2051_약수구하기.swift */,
				A6D14B8D2BB6CF66005D91C9 /* 3460_이진수.swift */,
				A6D14B8F2BB6CF71005D91C9 /* 10818_최소최대.swift */,
				A6D14B912BB6CF79005D91C9 /* 2460_지능형기차2.swift */,
				A6D14B932BB6CF85005D91C9 /* 10870_피보나치수5.swift */,
				A6D14B952BB6CF8E005D91C9 /* 2309_일곱난쟁이.swift */,
				A6D14B972BB6CF98005D91C9 /* 2609_최대공약수와최소공배수.swift */,
				A6D14B992BB6CFA4005D91C9 /* 2693_N번째큰수.swift */,
				A6D14B9B2BB6CFAB005D91C9 /* 1978_소수찾기.swift */,
				A6D14BA12BB6D03E005D91C9 /* 1292_쉽게푸는문제.swift */,
				A6D14B9F2BB6CFCA005D91C9 /* 2581_소수.swift */,
			);
			path = part1;
			sourceTree = "<group>";
		};
		A6E5698D2BD677D10000760E /* Greedy */ = {
			isa = PBXGroup;
			children = (
				A6E5698E2BD677F80000760E /* 14470_전자레인지.swift */,
				A6E5698F2BD679ED0000760E /* 5585_거스름돈.swift */,
				A6E569902BD684930000760E /* 4796_캠핑.swift */,
				A6C2187B2BD7C3860015C6B3 /* 2720_세탁소사장동혁.swift */,
				A6C2187C2BD7CBD60015C6B3 /* 2810_컵홀더.swift */,
				A6C2187D2BD7D3F10015C6B3 /* 2839_설탕배달.swift */,
				A64F03602BD90606003F36A9 /* 11399_ATM.swift */,
				A64F03612BD91360003F36A9 /* 11047_동전0.swift */,
				A6EDE56D2BD91CA30068560C /* 1541_잃어버린괄호.swift */,
				A63F8E812BD9225C00AFC287 /* 1931_회의실배정.swift */,
				A61828B72BDFBD1E0001E7D7 /* 11000_강의실배정.swift */,
				A61828B82BDFC9D00001E7D7 /* 1715_카드정렬하기.swift */,
				A61828B92BDFD3E20001E7D7 /* 1339_단어수학.swift */,
				A68DD4BC2BE10E1100CE19D6 /* 1744_수묶기.swift */,
				A6A83CB72BE3B18D0086EAA5 /* 1202_보석도둑.swift */,
			);
			path = Greedy;
			sourceTree = "<group>";
		};
/* End PBXGroup section */

/* Begin PBXNativeTarget section */
		A6D14B7F2BB6CF38005D91C9 /* Baekjoon_Roadmap */ = {
			isa = PBXNativeTarget;
			buildConfigurationList = A6D14B872BB6CF38005D91C9 /* Build configuration list for PBXNativeTarget "Baekjoon_Roadmap" */;
			buildPhases = (
				A6D14B7C2BB6CF38005D91C9 /* Sources */,
				A6D14B7D2BB6CF38005D91C9 /* Frameworks */,
				A6D14B7E2BB6CF38005D91C9 /* CopyFiles */,
			);
			buildRules = (
			);
			dependencies = (
			);
			name = Baekjoon_Roadmap;
			productName = Baekjoon_Roadmap;
			productReference = A6D14B802BB6CF38005D91C9 /* Baekjoon_Roadmap */;
			productType = "com.apple.product-type.tool";
		};
/* End PBXNativeTarget section */

/* Begin PBXProject section */
		A6D14B782BB6CF38005D91C9 /* Project object */ = {
			isa = PBXProject;
			attributes = {
				BuildIndependentTargetsInParallel = 1;
				LastSwiftUpdateCheck = 1500;
				LastUpgradeCheck = 1500;
				TargetAttributes = {
					A6D14B7F2BB6CF38005D91C9 = {
						CreatedOnToolsVersion = 15.0.1;
					};
				};
			};
			buildConfigurationList = A6D14B7B2BB6CF38005D91C9 /* Build configuration list for PBXProject "Baekjoon_Roadmap" */;
			compatibilityVersion = "Xcode 14.0";
			developmentRegion = en;
			hasScannedForEncodings = 0;
			knownRegions = (
				en,
				Base,
			);
			mainGroup = A6D14B772BB6CF38005D91C9;
			productRefGroup = A6D14B812BB6CF38005D91C9 /* Products */;
			projectDirPath = "";
			projectRoot = "";
			targets = (
				A6D14B7F2BB6CF38005D91C9 /* Baekjoon_Roadmap */,
			);
		};
/* End PBXProject section */

/* Begin PBXSourcesBuildPhase section */
		A6D14B7C2BB6CF38005D91C9 /* Sources */ = {
			isa = PBXSourcesBuildPhase;
			buildActionMask = 2147483647;
			files = (
				A6D14B842BB6CF38005D91C9 /* main.swift in Sources */,
				A69F67352BCE906500DCA3A3 /* Coordinate.swift in Sources */,
				A6E036402BE8C26D0021EDD7 /* PriorityQueue.swift in Sources */,
				A6E036442BE8C3530021EDD7 /* Heap.swift in Sources */,
			);
			runOnlyForDeploymentPostprocessing = 0;
		};
/* End PBXSourcesBuildPhase section */

/* Begin XCBuildConfiguration section */
		A6D14B852BB6CF38005D91C9 /* Debug */ = {
			isa = XCBuildConfiguration;
			buildSettings = {
				ALWAYS_SEARCH_USER_PATHS = NO;
				ASSETCATALOG_COMPILER_GENERATE_SWIFT_ASSET_SYMBOL_EXTENSIONS = YES;
				CLANG_ANALYZER_NONNULL = YES;
				CLANG_ANALYZER_NUMBER_OBJECT_CONVERSION = YES_AGGRESSIVE;
				CLANG_CXX_LANGUAGE_STANDARD = "gnu++20";
				CLANG_ENABLE_MODULES = YES;
				CLANG_ENABLE_OBJC_ARC = YES;
				CLANG_ENABLE_OBJC_WEAK = YES;
				CLANG_WARN_BLOCK_CAPTURE_AUTORELEASING = YES;
				CLANG_WARN_BOOL_CONVERSION = YES;
				CLANG_WARN_COMMA = YES;
				CLANG_WARN_CONSTANT_CONVERSION = YES;
				CLANG_WARN_DEPRECATED_OBJC_IMPLEMENTATIONS = YES;
				CLANG_WARN_DIRECT_OBJC_ISA_USAGE = YES_ERROR;
				CLANG_WARN_DOCUMENTATION_COMMENTS = YES;
				CLANG_WARN_EMPTY_BODY = YES;
				CLANG_WARN_ENUM_CONVERSION = YES;
				CLANG_WARN_INFINITE_RECURSION = YES;
				CLANG_WARN_INT_CONVERSION = YES;
				CLANG_WARN_NON_LITERAL_NULL_CONVERSION = YES;
				CLANG_WARN_OBJC_IMPLICIT_RETAIN_SELF = YES;
				CLANG_WARN_OBJC_LITERAL_CONVERSION = YES;
				CLANG_WARN_OBJC_ROOT_CLASS = YES_ERROR;
				CLANG_WARN_QUOTED_INCLUDE_IN_FRAMEWORK_HEADER = YES;
				CLANG_WARN_RANGE_LOOP_ANALYSIS = YES;
				CLANG_WARN_STRICT_PROTOTYPES = YES;
				CLANG_WARN_SUSPICIOUS_MOVE = YES;
				CLANG_WARN_UNGUARDED_AVAILABILITY = YES_AGGRESSIVE;
				CLANG_WARN_UNREACHABLE_CODE = YES;
				CLANG_WARN__DUPLICATE_METHOD_MATCH = YES;
				COPY_PHASE_STRIP = NO;
				DEBUG_INFORMATION_FORMAT = dwarf;
				ENABLE_STRICT_OBJC_MSGSEND = YES;
				ENABLE_TESTABILITY = YES;
				ENABLE_USER_SCRIPT_SANDBOXING = YES;
				GCC_C_LANGUAGE_STANDARD = gnu17;
				GCC_DYNAMIC_NO_PIC = NO;
				GCC_NO_COMMON_BLOCKS = YES;
				GCC_OPTIMIZATION_LEVEL = 0;
				GCC_PREPROCESSOR_DEFINITIONS = (
					"DEBUG=1",
					"$(inherited)",
				);
				GCC_WARN_64_TO_32_BIT_CONVERSION = YES;
				GCC_WARN_ABOUT_RETURN_TYPE = YES_ERROR;
				GCC_WARN_UNDECLARED_SELECTOR = YES;
				GCC_WARN_UNINITIALIZED_AUTOS = YES_AGGRESSIVE;
				GCC_WARN_UNUSED_FUNCTION = YES;
				GCC_WARN_UNUSED_VARIABLE = YES;
				LOCALIZATION_PREFERS_STRING_CATALOGS = YES;
				MACOSX_DEPLOYMENT_TARGET = 12.0;
				MTL_ENABLE_DEBUG_INFO = INCLUDE_SOURCE;
				MTL_FAST_MATH = YES;
				ONLY_ACTIVE_ARCH = YES;
				SDKROOT = macosx;
				SWIFT_ACTIVE_COMPILATION_CONDITIONS = "DEBUG $(inherited)";
				SWIFT_OPTIMIZATION_LEVEL = "-Onone";
			};
			name = Debug;
		};
		A6D14B862BB6CF38005D91C9 /* Release */ = {
			isa = XCBuildConfiguration;
			buildSettings = {
				ALWAYS_SEARCH_USER_PATHS = NO;
				ASSETCATALOG_COMPILER_GENERATE_SWIFT_ASSET_SYMBOL_EXTENSIONS = YES;
				CLANG_ANALYZER_NONNULL = YES;
				CLANG_ANALYZER_NUMBER_OBJECT_CONVERSION = YES_AGGRESSIVE;
				CLANG_CXX_LANGUAGE_STANDARD = "gnu++20";
				CLANG_ENABLE_MODULES = YES;
				CLANG_ENABLE_OBJC_ARC = YES;
				CLANG_ENABLE_OBJC_WEAK = YES;
				CLANG_WARN_BLOCK_CAPTURE_AUTORELEASING = YES;
				CLANG_WARN_BOOL_CONVERSION = YES;
				CLANG_WARN_COMMA = YES;
				CLANG_WARN_CONSTANT_CONVERSION = YES;
				CLANG_WARN_DEPRECATED_OBJC_IMPLEMENTATIONS = YES;
				CLANG_WARN_DIRECT_OBJC_ISA_USAGE = YES_ERROR;
				CLANG_WARN_DOCUMENTATION_COMMENTS = YES;
				CLANG_WARN_EMPTY_BODY = YES;
				CLANG_WARN_ENUM_CONVERSION = YES;
				CLANG_WARN_INFINITE_RECURSION = YES;
				CLANG_WARN_INT_CONVERSION = YES;
				CLANG_WARN_NON_LITERAL_NULL_CONVERSION = YES;
				CLANG_WARN_OBJC_IMPLICIT_RETAIN_SELF = YES;
				CLANG_WARN_OBJC_LITERAL_CONVERSION = YES;
				CLANG_WARN_OBJC_ROOT_CLASS = YES_ERROR;
				CLANG_WARN_QUOTED_INCLUDE_IN_FRAMEWORK_HEADER = YES;
				CLANG_WARN_RANGE_LOOP_ANALYSIS = YES;
				CLANG_WARN_STRICT_PROTOTYPES = YES;
				CLANG_WARN_SUSPICIOUS_MOVE = YES;
				CLANG_WARN_UNGUARDED_AVAILABILITY = YES_AGGRESSIVE;
				CLANG_WARN_UNREACHABLE_CODE = YES;
				CLANG_WARN__DUPLICATE_METHOD_MATCH = YES;
				COPY_PHASE_STRIP = NO;
				DEBUG_INFORMATION_FORMAT = "dwarf-with-dsym";
				ENABLE_NS_ASSERTIONS = NO;
				ENABLE_STRICT_OBJC_MSGSEND = YES;
				ENABLE_USER_SCRIPT_SANDBOXING = YES;
				GCC_C_LANGUAGE_STANDARD = gnu17;
				GCC_NO_COMMON_BLOCKS = YES;
				GCC_WARN_64_TO_32_BIT_CONVERSION = YES;
				GCC_WARN_ABOUT_RETURN_TYPE = YES_ERROR;
				GCC_WARN_UNDECLARED_SELECTOR = YES;
				GCC_WARN_UNINITIALIZED_AUTOS = YES_AGGRESSIVE;
				GCC_WARN_UNUSED_FUNCTION = YES;
				GCC_WARN_UNUSED_VARIABLE = YES;
				LOCALIZATION_PREFERS_STRING_CATALOGS = YES;
				MACOSX_DEPLOYMENT_TARGET = 12.0;
				MTL_ENABLE_DEBUG_INFO = NO;
				MTL_FAST_MATH = YES;
				SDKROOT = macosx;
				SWIFT_COMPILATION_MODE = wholemodule;
			};
			name = Release;
		};
		A6D14B882BB6CF38005D91C9 /* Debug */ = {
			isa = XCBuildConfiguration;
			buildSettings = {
				CODE_SIGN_STYLE = Automatic;
				DEVELOPMENT_TEAM = HU8RMC793N;
				ENABLE_HARDENED_RUNTIME = YES;
				MACOSX_DEPLOYMENT_TARGET = 12.0;
				PRODUCT_NAME = "$(TARGET_NAME)";
				SWIFT_VERSION = 5.0;
			};
			name = Debug;
		};
		A6D14B892BB6CF38005D91C9 /* Release */ = {
			isa = XCBuildConfiguration;
			buildSettings = {
				CODE_SIGN_STYLE = Automatic;
				DEVELOPMENT_TEAM = HU8RMC793N;
				ENABLE_HARDENED_RUNTIME = YES;
				MACOSX_DEPLOYMENT_TARGET = 12.0;
				PRODUCT_NAME = "$(TARGET_NAME)";
				SWIFT_VERSION = 5.0;
			};
			name = Release;
		};
/* End XCBuildConfiguration section */

/* Begin XCConfigurationList section */
		A6D14B7B2BB6CF38005D91C9 /* Build configuration list for PBXProject "Baekjoon_Roadmap" */ = {
			isa = XCConfigurationList;
			buildConfigurations = (
				A6D14B852BB6CF38005D91C9 /* Debug */,
				A6D14B862BB6CF38005D91C9 /* Release */,
			);
			defaultConfigurationIsVisible = 0;
			defaultConfigurationName = Release;
		};
		A6D14B872BB6CF38005D91C9 /* Build configuration list for PBXNativeTarget "Baekjoon_Roadmap" */ = {
			isa = XCConfigurationList;
			buildConfigurations = (
				A6D14B882BB6CF38005D91C9 /* Debug */,
				A6D14B892BB6CF38005D91C9 /* Release */,
			);
			defaultConfigurationIsVisible = 0;
			defaultConfigurationName = Release;
		};
/* End XCConfigurationList section */
	};
	rootObject = A6D14B782BB6CF38005D91C9 /* Project object */;
}
